// !$*UTF8*$!
{
	archiveVersion = 1;
	classes = {
	};
	objectVersion = 56;
	objects = {

/* Begin PBXBuildFile section */
		300000000000000000000001 /* GoonDropApp.swift in Sources */ = {isa = PBXBuildFile; fileRef = 200000000000000000000001 /* GoonDropApp.swift */; };
		300000000000000000000002 /* ContentView.swift in Sources */ = {isa = PBXBuildFile; fileRef = 200000000000000000000002 /* ContentView.swift */; };
		300000000000000000000004 /* SharedConfig.swift in Sources */ = {isa = PBXBuildFile; fileRef = 200000000000000000000004 /* SharedConfig.swift */; };
		300000000000000000000020 /* Models.swift in Sources */ = {isa = PBXBuildFile; fileRef = 200000000000000000000020 /* Models.swift */; };
		300000000000000000000021 /* LANDiscovery.swift in Sources */ = {isa = PBXBuildFile; fileRef = 200000000000000000000021 /* LANDiscovery.swift */; };
		300000000000000000000022 /* GoonDropClient.swift in Sources */ = {isa = PBXBuildFile; fileRef = 200000000000000000000022 /* GoonDropClient.swift */; };
		300000000000000000000023 /* GoonFormat.swift in Sources */ = {isa = PBXBuildFile; fileRef = 200000000000000000000023 /* GoonFormat.swift */; };
		300000000000000000000024 /* DevicesView.swift in Sources */ = {isa = PBXBuildFile; fileRef = 200000000000000000000024 /* DevicesView.swift */; };
		300000000000000000000025 /* SendView.swift in Sources */ = {isa = PBXBuildFile; fileRef = 200000000000000000000025 /* SendView.swift */; };
		300000000000000000000026 /* ClipboardView.swift in Sources */ = {isa = PBXBuildFile; fileRef = 200000000000000000000026 /* ClipboardView.swift */; };
		300000000000000000000027 /* HandoffView.swift in Sources */ = {isa = PBXBuildFile; fileRef = 200000000000000000000027 /* HandoffView.swift */; };
		300000000000000000000028 /* SettingsView.swift in Sources */ = {isa = PBXBuildFile; fileRef = 200000000000000000000028 /* SettingsView.swift */; };
		300000000000000000000007 /* Assets.xcassets in Resources */ = {isa = PBXBuildFile; fileRef = 200000000000000000000007 /* Assets.xcassets */; };
		300000000000000000000011 /* ShareViewController.swift in Sources */ = {isa = PBXBuildFile; fileRef = 200000000000000000000011 /* ShareViewController.swift */; };
		300000000000000000000014 /* SharedConfig.swift in Sources */ = {isa = PBXBuildFile; fileRef = 200000000000000000000004 /* SharedConfig.swift */; };
		300000000000000000000099 /* ShareExtension.appex in Embed App Extensions */ = {isa = PBXBuildFile; fileRef = 400000000000000000000002 /* ShareExtension.appex */; settings = {ATTRIBUTES = (RemoveHeadersOnCopy, ); }; };
/* End PBXBuildFile section */

/* Begin PBXContainerItemProxy section */
		100000000000000000000031 /* PBXContainerItemProxy */ = {
			isa = PBXContainerItemProxy;
			containerPortal = 100000000000000000000001 /* Project object */;
			proxyType = 1;
			remoteGlobalIDString = 100000000000000000000020;
			remoteInfo = ShareExtension;
		};
/* End PBXContainerItemProxy section */

/* Begin PBXCopyFilesBuildPhase section */
		500000000000000000000004 /* Embed App Extensions */ = {
			isa = PBXCopyFilesBuildPhase;
			buildActionMask = 2147483647;
			dstPath = "";
			dstSubfolderSpec = 13;
			files = (
				300000000000000000000099 /* ShareExtension.appex in Embed App Extensions */,
			);
			name = "Embed App Extensions";
			runOnlyForDeploymentPostprocessing = 0;
		};
/* End PBXCopyFilesBuildPhase section */

/* Begin PBXFileReference section */
		200000000000000000000001 /* GoonDropApp.swift */ = {isa = PBXFileReference; lastKnownFileType = sourcecode.swift; path = GoonDropApp.swift; sourceTree = "<group>"; };
		200000000000000000000002 /* ContentView.swift */ = {isa = PBXFileReference; lastKnownFileType = sourcecode.swift; path = ContentView.swift; sourceTree = "<group>"; };
		200000000000000000000004 /* SharedConfig.swift */ = {isa = PBXFileReference; lastKnownFileType = sourcecode.swift; path = SharedConfig.swift; sourceTree = "<group>"; };
		200000000000000000000020 /* Models.swift */ = {isa = PBXFileReference; lastKnownFileType = sourcecode.swift; path = Models.swift; sourceTree = "<group>"; };
		200000000000000000000021 /* LANDiscovery.swift */ = {isa = PBXFileReference; lastKnownFileType = sourcecode.swift; path = LANDiscovery.swift; sourceTree = "<group>"; };
		200000000000000000000022 /* GoonDropClient.swift */ = {isa = PBXFileReference; lastKnownFileType = sourcecode.swift; path = GoonDropClient.swift; sourceTree = "<group>"; };
		200000000000000000000023 /* GoonFormat.swift */ = {isa = PBXFileReference; lastKnownFileType = sourcecode.swift; path = GoonFormat.swift; sourceTree = "<group>"; };
		200000000000000000000024 /* DevicesView.swift */ = {isa = PBXFileReference; lastKnownFileType = sourcecode.swift; path = DevicesView.swift; sourceTree = "<group>"; };
		200000000000000000000025 /* SendView.swift */ = {isa = PBXFileReference; lastKnownFileType = sourcecode.swift; path = SendView.swift; sourceTree = "<group>"; };
		200000000000000000000026 /* ClipboardView.swift */ = {isa = PBXFileReference; lastKnownFileType = sourcecode.swift; path = ClipboardView.swift; sourceTree = "<group>"; };
		200000000000000000000027 /* HandoffView.swift */ = {isa = PBXFileReference; lastKnownFileType = sourcecode.swift; path = HandoffView.swift; sourceTree = "<group>"; };
		200000000000000000000028 /* SettingsView.swift */ = {isa = PBXFileReference; lastKnownFileType = sourcecode.swift; path = SettingsView.swift; sourceTree = "<group>"; };
		200000000000000000000005 /* Info.plist */ = {isa = PBXFileReference; lastKnownFileType = text.plist.xml; path = Info.plist; sourceTree = "<group>"; };
		200000000000000000000006 /* GoonDrop.entitlements */ = {isa = PBXFileReference; lastKnownFileType = text.plist.entitlements; path = GoonDrop.entitlements; sourceTree = "<group>"; };
		200000000000000000000007 /* Assets.xcassets */ = {isa = PBXFileReference; lastKnownFileType = folder.assetcatalog; path = Assets.xcassets; sourceTree = "<group>"; };
		200000000000000000000011 /* ShareViewController.swift */ = {isa = PBXFileReference; lastKnownFileType = sourcecode.swift; path = ShareViewController.swift; sourceTree = "<group>"; };
		200000000000000000000012 /* Info.plist */ = {isa = PBXFileReference; lastKnownFileType = text.plist.xml; path = Info.plist; sourceTree = "<group>"; };
		200000000000000000000013 /* ShareExtension.entitlements */ = {isa = PBXFileReference; lastKnownFileType = text.plist.entitlements; path = ShareExtension.entitlements; sourceTree = "<group>"; };
		400000000000000000000001 /* GoonDrop.app */ = {isa = PBXFileReference; explicitFileType = wrapper.application; includeInIndex = 0; path = GoonDrop.app; sourceTree = BUILT_PRODUCTS_DIR; };
		400000000000000000000002 /* ShareExtension.appex */ = {isa = PBXFileReference; explicitFileType = "wrapper.app-extension"; includeInIndex = 0; path = ShareExtension.appex; sourceTree = BUILT_PRODUCTS_DIR; };
/* End PBXFileReference section */

/* Begin PBXFrameworksBuildPhase section */
		500000000000000000000002 /* Frameworks */ = {
			isa = PBXFrameworksBuildPhase;
			buildActionMask = 2147483647;
			files = (
			);
			runOnlyForDeploymentPostprocessing = 0;
		};
		500000000000000000000012 /* Frameworks */ = {
			isa = PBXFrameworksBuildPhase;
			buildActionMask = 2147483647;
			files = (
			);
			runOnlyForDeploymentPostprocessing = 0;
		};
/* End PBXFrameworksBuildPhase section */

/* Begin PBXGroup section */
		100000000000000000000002 = {
			isa = PBXGroup;
			children = (
				100000000000000000000004 /* GoonDrop */,
				100000000000000000000005 /* ShareExtension */,
				100000000000000000000003 /* Products */,
			);
			sourceTree = "<group>";
		};
		100000000000000000000003 /* Products */ = {
			isa = PBXGroup;
			children = (
				400000000000000000000001 /* GoonDrop.app */,
				400000000000000000000002 /* ShareExtension.appex */,
			);
			name = Products;
			sourceTree = "<group>";
		};
		100000000000000000000004 /* GoonDrop */ = {
			isa = PBXGroup;
			children = (
				200000000000000000000001 /* GoonDropApp.swift */,
				200000000000000000000002 /* ContentView.swift */,
				200000000000000000000004 /* SharedConfig.swift */,
				200000000000000000000020 /* Models.swift */,
				200000000000000000000021 /* LANDiscovery.swift */,
				200000000000000000000022 /* GoonDropClient.swift */,
				200000000000000000000023 /* GoonFormat.swift */,
				100000000000000000000006 /* Views */,
				200000000000000000000007 /* Assets.xcassets */,
				200000000000000000000005 /* Info.plist */,
				200000000000000000000006 /* GoonDrop.entitlements */,
			);
			path = GoonDrop;
			sourceTree = "<group>";
		};
		100000000000000000000006 /* Views */ = {
			isa = PBXGroup;
			children = (
				200000000000000000000024 /* DevicesView.swift */,
				200000000000000000000025 /* SendView.swift */,
				200000000000000000000026 /* ClipboardView.swift */,
				200000000000000000000027 /* HandoffView.swift */,
				200000000000000000000028 /* SettingsView.swift */,
			);
			path = Views;
			sourceTree = "<group>";
		};
		100000000000000000000005 /* ShareExtension */ = {
			isa = PBXGroup;
			children = (
				200000000000000000000011 /* ShareViewController.swift */,
				200000000000000000000012 /* Info.plist */,
				200000000000000000000013 /* ShareExtension.entitlements */,
			);
			path = ShareExtension;
			sourceTree = "<group>";
		};
/* End PBXGroup section */

/* Begin PBXNativeTarget section */
		100000000000000000000010 /* GoonDrop */ = {
			isa = PBXNativeTarget;
			buildConfigurationList = 700000000000000000000011 /* Build configuration list for PBXNativeTarget "GoonDrop" */;
			buildPhases = (
				500000000000000000000001 /* Sources */,
				500000000000000000000002 /* Frameworks */,
				500000000000000000000003 /* Resources */,
				500000000000000000000004 /* Embed App Extensions */,
			);
			buildRules = (
			);
			dependencies = (
				100000000000000000000030 /* PBXTargetDependency */,
			);
			name = GoonDrop;
			productName = GoonDrop;
			productReference = 400000000000000000000001 /* GoonDrop.app */;
			productType = "com.apple.product-type.application";
		};
		100000000000000000000020 /* ShareExtension */ = {
			isa = PBXNativeTarget;
			buildConfigurationList = 700000000000000000000021 /* Build configuration list for PBXNativeTarget "ShareExtension" */;
			buildPhases = (
				500000000000000000000011 /* Sources */,
				500000000000000000000012 /* Frameworks */,
				500000000000000000000013 /* Resources */,
			);
			buildRules = (
			);
			dependencies = (
			);
			name = ShareExtension;
			productName = ShareExtension;
			productReference = 400000000000000000000002 /* ShareExtension.appex */;
			productType = "com.apple.product-type.app-extension";
		};
/* End PBXNativeTarget section */

/* Begin PBXProject section */
		100000000000000000000001 /* Project object */ = {
			isa = PBXProject;
			attributes = {
				BuildIndependentTargetsInParallel = 1;
				LastSwiftUpdateCheck = 1500;
				LastUpgradeCheck = 1500;
				TargetAttributes = {
					100000000000000000000010 = {
						CreatedOnToolsVersion = 15.0;
					};
					100000000000000000000020 = {
						CreatedOnToolsVersion = 15.0;
					};
				};
			};
			buildConfigurationList = 700000000000000000000001 /* Build configuration list for PBXProject "GoonDrop" */;
			compatibilityVersion = "Xcode 14.0";
			developmentRegion = en;
			hasScannedForEncodings = 0;
			knownRegions = (
				en,
				Base,
			);
			mainGroup = 100000000000000000000002;
			productRefGroup = 100000000000000000000003 /* Products */;
			projectDirPath = "";
			projectRoot = "";
			targets = (
				100000000000000000000010 /* GoonDrop */,
				100000000000000000000020 /* ShareExtension */,
			);
		};
/* End PBXProject section */

/* Begin PBXResourcesBuildPhase section */
		500000000000000000000003 /* Resources */ = {
			isa = PBXResourcesBuildPhase;
			buildActionMask = 2147483647;
			files = (
				300000000000000000000007 /* Assets.xcassets in Resources */,
			);
			runOnlyForDeploymentPostprocessing = 0;
		};
		500000000000000000000013 /* Resources */ = {
			isa = PBXResourcesBuildPhase;
			buildActionMask = 2147483647;
			files = (
			);
			runOnlyForDeploymentPostprocessing = 0;
		};
/* End PBXResourcesBuildPhase section */

/* Begin PBXSourcesBuildPhase section */
		500000000000000000000001 /* Sources */ = {
			isa = PBXSourcesBuildPhase;
			buildActionMask = 2147483647;
			files = (
				300000000000000000000001 /* GoonDropApp.swift in Sources */,
				300000000000000000000002 /* ContentView.swift in Sources */,
				300000000000000000000004 /* SharedConfig.swift in Sources */,
				300000000000000000000020 /* Models.swift in Sources */,
				300000000000000000000021 /* LANDiscovery.swift in Sources */,
				300000000000000000000022 /* GoonDropClient.swift in Sources */,
				300000000000000000000023 /* GoonFormat.swift in Sources */,
				300000000000000000000024 /* DevicesView.swift in Sources */,
				300000000000000000000025 /* SendView.swift in Sources */,
				300000000000000000000026 /* ClipboardView.swift in Sources */,
				300000000000000000000027 /* HandoffView.swift in Sources */,
				300000000000000000000028 /* SettingsView.swift in Sources */,
			);
			runOnlyForDeploymentPostprocessing = 0;
		};
		500000000000000000000011 /* Sources */ = {
			isa = PBXSourcesBuildPhase;
			buildActionMask = 2147483647;
			files = (
				300000000000000000000011 /* ShareViewController.swift in Sources */,
				300000000000000000000014 /* SharedConfig.swift in Sources */,
			);
			runOnlyForDeploymentPostprocessing = 0;
		};
/* End PBXSourcesBuildPhase section */

/* Begin PBXTargetDependency section */
		100000000000000000000030 /* PBXTargetDependency */ = {
			isa = PBXTargetDependency;
			target = 100000000000000000000020 /* ShareExtension */;
			targetProxy = 100000000000000000000031 /* PBXContainerItemProxy */;
		};
/* End PBXTargetDependency section */

/* Begin XCBuildConfiguration section */
		600000000000000000000001 /* Debug */ = {
			isa = XCBuildConfiguration;
			buildSettings = {
				ALWAYS_SEARCH_USER_PATHS = NO;
				CLANG_ANALYZER_NONNULL = YES;
				CLANG_CXX_LANGUAGE_STANDARD = "gnu++20";
				CLANG_ENABLE_MODULES = YES;
				CLANG_ENABLE_OBJC_ARC = YES;
				ENABLE_BITCODE = NO;
				ENABLE_TESTABILITY = YES;
				GCC_DYNAMIC_NO_PIC = NO;
				GCC_OPTIMIZATION_LEVEL = 0;
				GCC_PREPROCESSOR_DEFINITIONS = (
					"DEBUG=1",
					"$(inherited)",
				);
				IPHONEOS_DEPLOYMENT_TARGET = 16.0;
				MTL_ENABLE_DEBUG_INFO = INCLUDE_SOURCE;
				MTL_FAST_MATH = YES;
				ONLY_ACTIVE_ARCH = YES;
				SDKROOT = iphoneos;
				SWIFT_ACTIVE_COMPILATION_CONDITIONS = DEBUG;
				SWIFT_OPTIMIZATION_LEVEL = "-Onone";
				SWIFT_VERSION = 5.0;
				TARGETED_DEVICE_FAMILY = "1,2";
			};
			name = Debug;
		};
		600000000000000000000002 /* Release */ = {
			isa = XCBuildConfiguration;
			buildSettings = {
				ALWAYS_SEARCH_USER_PATHS = NO;
				CLANG_ANALYZER_NONNULL = YES;
				CLANG_CXX_LANGUAGE_STANDARD = "gnu++20";
				CLANG_ENABLE_MODULES = YES;
				CLANG_ENABLE_OBJC_ARC = YES;
				ENABLE_BITCODE = NO;
				GCC_OPTIMIZATION_LEVEL = s;
				IPHONEOS_DEPLOYMENT_TARGET = 16.0;
				MTL_FAST_MATH = YES;
				SDKROOT = iphoneos;
				SWIFT_COMPILATION_MODE = "wholemodule";
				SWIFT_OPTIMIZATION_LEVEL = "-O";
				SWIFT_VERSION = 5.0;
				TARGETED_DEVICE_FAMILY = "1,2";
				VALIDATE_PRODUCT = YES;
			};
			name = Release;
		};
		600000000000000000000011 /* Debug */ = {
			isa = XCBuildConfiguration;
			buildSettings = {
				ASSETCATALOG_COMPILER_APPICON_NAME = AppIcon;
				CODE_SIGN_STYLE = Manual;
				CODE_SIGN_IDENTITY = "";
				CODE_SIGNING_REQUIRED = NO;
				CODE_SIGNING_ALLOWED = NO;
				CODE_SIGN_ENTITLEMENTS = GoonDrop/GoonDrop.entitlements;
				CURRENT_PROJECT_VERSION = 1;
				DEVELOPMENT_ASSET_PATHS = "";
				ENABLE_PREVIEWS = YES;
				GENERATE_INFOPLIST_FILE = NO;
				INFOPLIST_FILE = GoonDrop/Info.plist;
				LD_RUNPATH_SEARCH_PATHS = (
					"$(inherited)",
					"@executable_path/Frameworks",
				);
				MARKETING_VERSION = 1.0.0;
				PRODUCT_BUNDLE_IDENTIFIER = com.goondrop.ios;
				PRODUCT_NAME = "$(TARGET_NAME)";
				SWIFT_EMIT_LOC_STRINGS = YES;
				SWIFT_VERSION = 5.0;
				TARGETED_DEVICE_FAMILY = "1,2";
			};
			name = Debug;
		};
		600000000000000000000012 /* Release */ = {
			isa = XCBuildConfiguration;
			buildSettings = {
				ASSETCATALOG_COMPILER_APPICON_NAME = AppIcon;
				CODE_SIGN_STYLE = Manual;
				CODE_SIGN_IDENTITY = "";
				CODE_SIGNING_REQUIRED = NO;
				CODE_SIGNING_ALLOWED = NO;
				CODE_SIGN_ENTITLEMENTS = GoonDrop/GoonDrop.entitlements;
				CURRENT_PROJECT_VERSION = 1;
				DEVELOPMENT_ASSET_PATHS = "";
				ENABLE_PREVIEWS = YES;
				GENERATE_INFOPLIST_FILE = NO;
				INFOPLIST_FILE = GoonDrop/Info.plist;
				LD_RUNPATH_SEARCH_PATHS = (
					"$(inherited)",
					"@executable_path/Frameworks",
				);
				MARKETING_VERSION = 1.0.0;
				PRODUCT_BUNDLE_IDENTIFIER = com.goondrop.ios;
				PRODUCT_NAME = "$(TARGET_NAME)";
				SWIFT_EMIT_LOC_STRINGS = YES;
				SWIFT_VERSION = 5.0;
				TARGETED_DEVICE_FAMILY = "1,2";
			};
			name = Release;
		};
		600000000000000000000021 /* Debug */ = {
			isa = XCBuildConfiguration;
			buildSettings = {
				CODE_SIGN_STYLE = Manual;
				CODE_SIGN_IDENTITY = "";
				CODE_SIGNING_REQUIRED = NO;
				CODE_SIGNING_ALLOWED = NO;
				CODE_SIGN_ENTITLEMENTS = ShareExtension/ShareExtension.entitlements;
				CURRENT_PROJECT_VERSION = 1;
				GENERATE_INFOPLIST_FILE = NO;
				INFOPLIST_FILE = ShareExtension/Info.plist;
				LD_RUNPATH_SEARCH_PATHS = (
					"$(inherited)",
					"@executable_path/Frameworks",
					"@executable_path/../../Frameworks",
				);
				MARKETING_VERSION = 1.0.0;
				PRODUCT_BUNDLE_IDENTIFIER = com.goondrop.ios.ShareExtension;
				PRODUCT_NAME = "$(TARGET_NAME)";
				SKIP_INSTALL = YES;
				SWIFT_EMIT_LOC_STRINGS = YES;
				SWIFT_VERSION = 5.0;
				TARGETED_DEVICE_FAMILY = "1,2";
			};
			name = Debug;
		};
		600000000000000000000022 /* Release */ = {
			isa = XCBuildConfiguration;
			buildSettings = {
				CODE_SIGN_STYLE = Manual;
				CODE_SIGN_IDENTITY = "";
				CODE_SIGNING_REQUIRED = NO;
				CODE_SIGNING_ALLOWED = NO;
				CODE_SIGN_ENTITLEMENTS = ShareExtension/ShareExtension.entitlements;
				CURRENT_PROJECT_VERSION = 1;
				GENERATE_INFOPLIST_FILE = NO;
				INFOPLIST_FILE = ShareExtension/Info.plist;
				LD_RUNPATH_SEARCH_PATHS = (
					"$(inherited)",
					"@executable_path/Frameworks",
					"@executable_path/../../Frameworks",
				);
				MARKETING_VERSION = 1.0.0;
				PRODUCT_BUNDLE_IDENTIFIER = com.goondrop.ios.ShareExtension;
				PRODUCT_NAME = "$(TARGET_NAME)";
				SKIP_INSTALL = YES;
				SWIFT_EMIT_LOC_STRINGS = YES;
				SWIFT_VERSION = 5.0;
				TARGETED_DEVICE_FAMILY = "1,2";
			};
			name = Release;
		};
/* End XCBuildConfiguration section */

/* Begin XCConfigurationList section */
		700000000000000000000001 /* Build configuration list for PBXProject "GoonDrop" */ = {
			isa = XCConfigurationList;
			buildConfigurations = (
				600000000000000000000001 /* Debug */,
				600000000000000000000002 /* Release */,
			);
			defaultConfigurationIsVisible = 0;
			defaultConfigurationName = Release;
		};
		700000000000000000000011 /* Build configuration list for PBXNativeTarget "GoonDrop" */ = {
			isa = XCConfigurationList;
			buildConfigurations = (
				600000000000000000000011 /* Debug */,
				600000000000000000000012 /* Release */,
			);
			defaultConfigurationIsVisible = 0;
			defaultConfigurationName = Release;
		};
		700000000000000000000021 /* Build configuration list for PBXNativeTarget "ShareExtension" */ = {
			isa = XCConfigurationList;
			buildConfigurations = (
				600000000000000000000021 /* Debug */,
				600000000000000000000022 /* Release */,
			);
			defaultConfigurationIsVisible = 0;
			defaultConfigurationName = Release;
		};
/* End XCConfigurationList section */

	};
	rootObject = 100000000000000000000001 /* Project object */;
}
